
Microsoft Visual Studio Solution File, Format Version 12.00
# Visual Studio Version 16
VisualStudioVersion = 16.0.29728.190
MinimumVisualStudioVersion = 10.0.40219.1
Project("{FAE04EC0-301F-11D3-BF4B-00C04F79EFBC}") = "BackEnd", "BackEnd.csproj", "{3959A41B-AF02-4471-82E1-28370DE30C60}"
EndProject
Global
	GlobalSection(SolutionConfigurationPlatforms) = preSolution
		Debug|Any CPU = Debug|Any CPU
		Release|Any CPU = Release|Any CPU
	EndGlobalSection
	GlobalSection(ProjectConfigurationPlatforms) = postSolution
		{3959A41B-AF02-4471-82E1-28370DE30C60}.Debug|Any CPU.ActiveCfg = Debug|Any CPU
		{3959A41B-AF02-4471-82E1-28370DE30C60}.Debug|Any CPU.Build.0 = Debug|Any CPU
		{3959A41B-AF02-4471-82E1-28370DE30C60}.Release|Any CPU.ActiveCfg = Release|Any CPU
		{3959A41B-AF02-4471-82E1-28370DE30C60}.Release|Any CPU.Build.0 = Release|Any CPU
	EndGlobalSection
	GlobalSection(SolutionProperties) = preSolution
		HideSolutionNode = FALSE
	EndGlobalSection
	GlobalSection(ExtensibilityGlobals) = postSolution
		SolutionGuid = {4D4A5570-0B6C-43B7-8E2B-D550D855DBCD}
	EndGlobalSection
EndGlobal
